{
  "version": 4,
  "terraform_version": "1.8.4",
  "serial": 6,
  "lineage": "8e96bb80-0932-9a4f-ec22-fc3171db5bc3",
  "outputs": {},
  "resources": [
    {
      "mode": "managed",
      "type": "aws_instance",
      "name": "ec2-instance",
      "provider": "provider[\"registry.terraform.io/hashicorp/aws\"]",
      "instances": [
        {
          "schema_version": 1,
          "attributes": {
            "ami": "ami-00fa32593b478ad6e",
            "arn": "arn:aws:ec2:ap-south-1:300079938968:instance/i-0b3e78e99367c1877",
            "associate_public_ip_address": true,
            "availability_zone": "ap-south-1b",
            "capacity_reservation_specification": [
              {
                "capacity_reservation_preference": "open",
                "capacity_reservation_target": []
              }
            ],
            "cpu_core_count": 1,
            "cpu_options": [
              {
                "amd_sev_snp": "",
                "core_count": 1,
                "threads_per_core": 1
              }
            ],
            "cpu_threads_per_core": 1,
            "credit_specification": [
              {
                "cpu_credits": "standard"
              }
            ],
            "disable_api_stop": false,
            "disable_api_termination": false,
            "ebs_block_device": [],
            "ebs_optimized": false,
            "enclave_options": [
              {
                "enabled": false
              }
            ],
            "ephemeral_block_device": [],
            "get_password_data": false,
            "hibernation": false,
            "host_id": "",
            "host_resource_group_arn": null,
            "iam_instance_profile": "",
            "id": "i-0b3e78e99367c1877",
            "instance_initiated_shutdown_behavior": "stop",
            "instance_state": "running",
            "instance_type": "t2.micro",
            "ipv6_address_count": 0,
            "ipv6_addresses": [],
            "key_name": "sbox",
            "launch_template": [],
            "maintenance_options": [
              {
                "auto_recovery": "default"
              }
            ],
            "metadata_options": [
              {
                "http_endpoint": "enabled",
                "http_put_response_hop_limit": 2,
                "http_tokens": "required",
                "instance_metadata_tags": "disabled"
              }
            ],
            "monitoring": false,
            "network_interface": [],
            "outpost_arn": "",
            "password_data": "",
            "placement_group": "",
            "placement_partition_number": 0,
            "primary_network_interface_id": "eni-0ca0609c7ce6ded54",
            "private_dns": "ip-172-31-14-190.ap-south-1.compute.internal",
            "private_dns_name_options": [
              {
                "enable_resource_name_dns_a_record": false,
                "enable_resource_name_dns_aaaa_record": false,
                "hostname_type": "ip-name"
              }
            ],
            "private_ip": "172.31.14.190",
            "public_dns": "ec2-13-203-103-100.ap-south-1.compute.amazonaws.com",
            "public_ip": "13.203.103.100",
            "root_block_device": [
              {
                "delete_on_termination": true,
                "device_name": "/dev/xvda",
                "encrypted": false,
                "iops": 3000,
                "kms_key_id": "",
                "tags": {},
                "throughput": 125,
                "volume_id": "vol-0d23f1cedf7ceeddf",
                "volume_size": 8,
                "volume_type": "gp3"
              }
            ],
            "secondary_private_ips": [],
            "security_groups": [
              "default"
            ],
            "source_dest_check": true,
            "subnet_id": "subnet-0585a8ecb0b613f10",
            "tags": {
              "Name": "ec2-instance",
              "env": "sbox"
            },
            "tags_all": {
              "Name": "ec2-instance",
              "env": "sbox"
            },
            "tenancy": "default",
            "timeouts": null,
            "user_data": null,
            "user_data_base64": null,
            "user_data_replace_on_change": false,
            "volume_tags": null,
            "vpc_security_group_ids": [
              "sg-09f075d8de0b1ee08"
            ]
          },
          "sensitive_attributes": [],
          "private": "eyJlMmJmYjczMC1lY2FhLTExZTYtOGY4OC0zNDM2M2JjN2M0YzAiOnsiY3JlYXRlIjo2MDAwMDAwMDAwMDAsImRlbGV0ZSI6MTIwMDAwMDAwMDAwMCwidXBkYXRlIjo2MDAwMDAwMDAwMDB9LCJzY2hlbWFfdmVyc2lvbiI6IjEifQ==",
          "dependencies": [
            "aws_key_pair.key_name"
          ]
        }
      ]
    },
    {
      "mode": "managed",
      "type": "aws_key_pair",
      "name": "key_name",
      "provider": "provider[\"registry.terraform.io/hashicorp/aws\"]",
      "instances": [
        {
          "schema_version": 1,
          "attributes": {
            "arn": "arn:aws:ec2:ap-south-1:300079938968:key-pair/sbox",
            "fingerprint": "1a:91:c8:69:ba:0f:44:e1:dc:7e:5e:42:65:09:79:b4",
            "id": "sbox",
            "key_name": "sbox",
            "key_name_prefix": "",
            "key_pair_id": "key-059322820b1bab128",
            "key_type": "rsa",
            "public_key": "ssh-rsa AAAAB3NzaC1yc2EAAAADAQABAAABAQDAtlKQrsLn1wd1CLqfxj1IU9QP2p2To5HKhy3OqN+zu795Y5i1n2hiELZzvjM2tClZA8x2aiQFjy5HKL4nFbk7VSbfIw3QDwvGjgKAkaCeEdUpU2jUF8jUsWX4dgqSUEtZyAkTVwx5qhxQ7BDdIWYm+RyFoBwiAo4Who8hCBe2xGQjp7M+nx7tFSYK3NhV9+kPq3r3bm1Y6Br5hT2Rp+/0giqDylSpHHeQoS/bP/aJIMJ1ldaPS3QsvKvyOQyTl3wlzkZQeCeB+qtKv85eLCUxJb7YT53/tHhdsf6Uvntrf0CSWeCgxmUS0r6kPsLehn3XEKFiFqvrxUTCn19NtkcF",
            "tags": {
              "Name": "sbox"
            },
            "tags_all": {
              "Name": "sbox"
            }
          },
          "sensitive_attributes": [],
          "private": "eyJzY2hlbWFfdmVyc2lvbiI6IjEifQ=="
        }
      ]
    }
  ],
  "check_results": null
}
